// !$*UTF8*$!
{
	archiveVersion = 1;
	classes = {
	};
	objectVersion = 56;
	objects = {

/* Begin PBXBuildFile section */
		D7CC15CF2B31851E00F45436 /* HiJourney_1_2App.swift in Sources */ = {isa = PBXBuildFile; fileRef = D7CC15CE2B31851E00F45436 /* HiJourney_1_2App.swift */; };
		D7CC15D32B31852000F45436 /* Assets.xcassets in Resources */ = {isa = PBXBuildFile; fileRef = D7CC15D22B31852000F45436 /* Assets.xcassets */; };
		D7CC15D62B31852000F45436 /* Preview Assets.xcassets in Resources */ = {isa = PBXBuildFile; fileRef = D7CC15D52B31852000F45436 /* Preview Assets.xcassets */; };
		D7CC15E12B31854D00F45436 /* WelcomeScreenView.swift in Sources */ = {isa = PBXBuildFile; fileRef = D7CC15DC2B31854D00F45436 /* WelcomeScreenView.swift */; };
		D7CC15E22B31854D00F45436 /* ExploreMainPageScreen.swift in Sources */ = {isa = PBXBuildFile; fileRef = D7CC15DD2B31854D00F45436 /* ExploreMainPageScreen.swift */; };
		D7CC15E32B31854D00F45436 /* SignInScreenView.swift in Sources */ = {isa = PBXBuildFile; fileRef = D7CC15DE2B31854D00F45436 /* SignInScreenView.swift */; };
		D7CC15E42B31854D00F45436 /* ExploreAdventuresScreenView.swift in Sources */ = {isa = PBXBuildFile; fileRef = D7CC15DF2B31854D00F45436 /* ExploreAdventuresScreenView.swift */; };
		D7CC15E52B31854D00F45436 /* SignUpScreenView.swift in Sources */ = {isa = PBXBuildFile; fileRef = D7CC15E02B31854D00F45436 /* SignUpScreenView.swift */; };
		D7CC15E82B31855600F45436 /* LogicMockup.swift in Sources */ = {isa = PBXBuildFile; fileRef = D7CC15E62B31855600F45436 /* LogicMockup.swift */; };
		D7CC15E92B31855600F45436 /* DatabaseMockup.swift in Sources */ = {isa = PBXBuildFile; fileRef = D7CC15E72B31855600F45436 /* DatabaseMockup.swift */; };
		D7CC15EB2B31855D00F45436 /* Connection.swift in Sources */ = {isa = PBXBuildFile; fileRef = D7CC15EA2B31855D00F45436 /* Connection.swift */; };
/* End PBXBuildFile section */

/* Begin PBXFileReference section */
		D7CC15CB2B31851E00F45436 /* HiJourney 1.2.app */ = {isa = PBXFileReference; explicitFileType = wrapper.application; includeInIndex = 0; path = "HiJourney 1.2.app"; sourceTree = BUILT_PRODUCTS_DIR; };
		D7CC15CE2B31851E00F45436 /* HiJourney_1_2App.swift */ = {isa = PBXFileReference; lastKnownFileType = sourcecode.swift; path = HiJourney_1_2App.swift; sourceTree = "<group>"; };
		D7CC15D22B31852000F45436 /* Assets.xcassets */ = {isa = PBXFileReference; lastKnownFileType = folder.assetcatalog; path = Assets.xcassets; sourceTree = "<group>"; };
		D7CC15D52B31852000F45436 /* Preview Assets.xcassets */ = {isa = PBXFileReference; lastKnownFileType = folder.assetcatalog; path = "Preview Assets.xcassets"; sourceTree = "<group>"; };
		D7CC15DC2B31854D00F45436 /* WelcomeScreenView.swift */ = {isa = PBXFileReference; fileEncoding = 4; lastKnownFileType = sourcecode.swift; path = WelcomeScreenView.swift; sourceTree = "<group>"; };
		D7CC15DD2B31854D00F45436 /* ExploreMainPageScreen.swift */ = {isa = PBXFileReference; fileEncoding = 4; lastKnownFileType = sourcecode.swift; path = ExploreMainPageScreen.swift; sourceTree = "<group>"; };
		D7CC15DE2B31854D00F45436 /* SignInScreenView.swift */ = {isa = PBXFileReference; fileEncoding = 4; lastKnownFileType = sourcecode.swift; path = SignInScreenView.swift; sourceTree = "<group>"; };
		D7CC15DF2B31854D00F45436 /* ExploreAdventuresScreenView.swift */ = {isa = PBXFileReference; fileEncoding = 4; lastKnownFileType = sourcecode.swift; path = ExploreAdventuresScreenView.swift; sourceTree = "<group>"; };
		D7CC15E02B31854D00F45436 /* SignUpScreenView.swift */ = {isa = PBXFileReference; fileEncoding = 4; lastKnownFileType = sourcecode.swift; path = SignUpScreenView.swift; sourceTree = "<group>"; };
		D7CC15E62B31855600F45436 /* LogicMockup.swift */ = {isa = PBXFileReference; fileEncoding = 4; lastKnownFileType = sourcecode.swift; path = LogicMockup.swift; sourceTree = "<group>"; };
		D7CC15E72B31855600F45436 /* DatabaseMockup.swift */ = {isa = PBXFileReference; fileEncoding = 4; lastKnownFileType = sourcecode.swift; path = DatabaseMockup.swift; sourceTree = "<group>"; };
		D7CC15EA2B31855D00F45436 /* Connection.swift */ = {isa = PBXFileReference; fileEncoding = 4; lastKnownFileType = sourcecode.swift; name = Connection.swift; path = ../../Connection.swift; sourceTree = "<group>"; };
/* End PBXFileReference section */

/* Begin PBXFrameworksBuildPhase section */
		D7CC15C82B31851E00F45436 /* Frameworks */ = {
			isa = PBXFrameworksBuildPhase;
			buildActionMask = 2147483647;
			files = (
			);
			runOnlyForDeploymentPostprocessing = 0;
		};
/* End PBXFrameworksBuildPhase section */

/* Begin PBXGroup section */
		D78FBD0F2B318912001E3644 /* ScreenViews */ = {
			isa = PBXGroup;
			children = (
				D7CC15DF2B31854D00F45436 /* ExploreAdventuresScreenView.swift */,
				D7CC15DD2B31854D00F45436 /* ExploreMainPageScreen.swift */,
				D7CC15DE2B31854D00F45436 /* SignInScreenView.swift */,
				D7CC15E02B31854D00F45436 /* SignUpScreenView.swift */,
				D7CC15DC2B31854D00F45436 /* WelcomeScreenView.swift */,
			);
			path = ScreenViews;
			sourceTree = "<group>";
		};
		D78FBD102B318940001E3644 /* LogicMockup */ = {
			isa = PBXGroup;
			children = (
				D7CC15E72B31855600F45436 /* DatabaseMockup.swift */,
				D7CC15E62B31855600F45436 /* LogicMockup.swift */,
			);
			path = LogicMockup;
			sourceTree = "<group>";
		};
		D7CC15C22B31851E00F45436 = {
			isa = PBXGroup;
			children = (
				D7CC15CD2B31851E00F45436 /* HiJourney 1.2 */,
				D7CC15CC2B31851E00F45436 /* Products */,
			);
			sourceTree = "<group>";
		};
		D7CC15CC2B31851E00F45436 /* Products */ = {
			isa = PBXGroup;
			children = (
				D7CC15CB2B31851E00F45436 /* HiJourney 1.2.app */,
			);
			name = Products;
			sourceTree = "<group>";
		};
		D7CC15CD2B31851E00F45436 /* HiJourney 1.2 */ = {
			isa = PBXGroup;
			children = (
				D7CC15CE2B31851E00F45436 /* HiJourney_1_2App.swift */,
				D78FBD102B318940001E3644 /* LogicMockup */,
				D78FBD0F2B318912001E3644 /* ScreenViews */,
				D7CC15EA2B31855D00F45436 /* Connection.swift */,
				D7CC15D22B31852000F45436 /* Assets.xcassets */,
				D7CC15D42B31852000F45436 /* Preview Content */,
			);
			path = "HiJourney 1.2";
			sourceTree = "<group>";
		};
		D7CC15D42B31852000F45436 /* Preview Content */ = {
			isa = PBXGroup;
			children = (
				D7CC15D52B31852000F45436 /* Preview Assets.xcassets */,
			);
			path = "Preview Content";
			sourceTree = "<group>";
		};
/* End PBXGroup section */

/* Begin PBXNativeTarget section */
		D7CC15CA2B31851E00F45436 /* HiJourney 1.2 */ = {
			isa = PBXNativeTarget;
			buildConfigurationList = D7CC15D92B31852000F45436 /* Build configuration list for PBXNativeTarget "HiJourney 1.2" */;
			buildPhases = (
				D7CC15C72B31851E00F45436 /* Sources */,
				D7CC15C82B31851E00F45436 /* Frameworks */,
				D7CC15C92B31851E00F45436 /* Resources */,
			);
			buildRules = (
			);
			dependencies = (
			);
			name = "HiJourney 1.2";
			productName = "HiJourney 1.2";
			productReference = D7CC15CB2B31851E00F45436 /* HiJourney 1.2.app */;
			productType = "com.apple.product-type.application";
		};
/* End PBXNativeTarget section */

/* Begin PBXProject section */
		D7CC15C32B31851E00F45436 /* Project object */ = {
			isa = PBXProject;
			attributes = {
				BuildIndependentTargetsInParallel = 1;
				LastSwiftUpdateCheck = 1500;
				LastUpgradeCheck = 1500;
				TargetAttributes = {
					D7CC15CA2B31851E00F45436 = {
						CreatedOnToolsVersion = 15.0.1;
					};
				};
			};
			buildConfigurationList = D7CC15C62B31851E00F45436 /* Build configuration list for PBXProject "HiJourney 1.2" */;
			compatibilityVersion = "Xcode 14.0";
			developmentRegion = en;
			hasScannedForEncodings = 0;
			knownRegions = (
				en,
				Base,
			);
			mainGroup = D7CC15C22B31851E00F45436;
			productRefGroup = D7CC15CC2B31851E00F45436 /* Products */;
			projectDirPath = "";
			projectRoot = "";
			targets = (
				D7CC15CA2B31851E00F45436 /* HiJourney 1.2 */,
			);
		};
/* End PBXProject section */

/* Begin PBXResourcesBuildPhase section */
		D7CC15C92B31851E00F45436 /* Resources */ = {
			isa = PBXResourcesBuildPhase;
			buildActionMask = 2147483647;
			files = (
				D7CC15D62B31852000F45436 /* Preview Assets.xcassets in Resources */,
				D7CC15D32B31852000F45436 /* Assets.xcassets in Resources */,
			);
			runOnlyForDeploymentPostprocessing = 0;
		};
/* End PBXResourcesBuildPhase section */

/* Begin PBXSourcesBuildPhase section */
		D7CC15C72B31851E00F45436 /* Sources */ = {
			isa = PBXSourcesBuildPhase;
			buildActionMask = 2147483647;
			files = (
				D7CC15E12B31854D00F45436 /* WelcomeScreenView.swift in Sources */,
				D7CC15E82B31855600F45436 /* LogicMockup.swift in Sources */,
				D7CC15E32B31854D00F45436 /* SignInScreenView.swift in Sources */,
				D7CC15E42B31854D00F45436 /* ExploreAdventuresScreenView.swift in Sources */,
				D7CC15E52B31854D00F45436 /* SignUpScreenView.swift in Sources */,
				D7CC15E92B31855600F45436 /* DatabaseMockup.swift in Sources */,
				D7CC15EB2B31855D00F45436 /* Connection.swift in Sources */,
				D7CC15CF2B31851E00F45436 /* HiJourney_1_2App.swift in Sources */,
				D7CC15E22B31854D00F45436 /* ExploreMainPageScreen.swift in Sources */,
			);
			runOnlyForDeploymentPostprocessing = 0;
		};
/* End PBXSourcesBuildPhase section */

/* Begin XCBuildConfiguration section */
		D7CC15D72B31852000F45436 /* Debug */ = {
			isa = XCBuildConfiguration;
			buildSettings = {
				ALWAYS_SEARCH_USER_PATHS = NO;
				ASSETCATALOG_COMPILER_GENERATE_SWIFT_ASSET_SYMBOL_EXTENSIONS = YES;
				CLANG_ANALYZER_NONNULL = YES;
				CLANG_ANALYZER_NUMBER_OBJECT_CONVERSION = YES_AGGRESSIVE;
				CLANG_CXX_LANGUAGE_STANDARD = "gnu++20";
				CLANG_ENABLE_MODULES = YES;
				CLANG_ENABLE_OBJC_ARC = YES;
				CLANG_ENABLE_OBJC_WEAK = YES;
				CLANG_WARN_BLOCK_CAPTURE_AUTORELEASING = YES;
				CLANG_WARN_BOOL_CONVERSION = YES;
				CLANG_WARN_COMMA = YES;
				CLANG_WARN_CONSTANT_CONVERSION = YES;
				CLANG_WARN_DEPRECATED_OBJC_IMPLEMENTATIONS = YES;
				CLANG_WARN_DIRECT_OBJC_ISA_USAGE = YES_ERROR;
				CLANG_WARN_DOCUMENTATION_COMMENTS = YES;
				CLANG_WARN_EMPTY_BODY = YES;
				CLANG_WARN_ENUM_CONVERSION = YES;
				CLANG_WARN_INFINITE_RECURSION = YES;
				CLANG_WARN_INT_CONVERSION = YES;
				CLANG_WARN_NON_LITERAL_NULL_CONVERSION = YES;
				CLANG_WARN_OBJC_IMPLICIT_RETAIN_SELF = YES;
				CLANG_WARN_OBJC_LITERAL_CONVERSION = YES;
				CLANG_WARN_OBJC_ROOT_CLASS = YES_ERROR;
				CLANG_WARN_QUOTED_INCLUDE_IN_FRAMEWORK_HEADER = YES;
				CLANG_WARN_RANGE_LOOP_ANALYSIS = YES;
				CLANG_WARN_STRICT_PROTOTYPES = YES;
				CLANG_WARN_SUSPICIOUS_MOVE = YES;
				CLANG_WARN_UNGUARDED_AVAILABILITY = YES_AGGRESSIVE;
				CLANG_WARN_UNREACHABLE_CODE = YES;
				CLANG_WARN__DUPLICATE_METHOD_MATCH = YES;
				COPY_PHASE_STRIP = NO;
				DEBUG_INFORMATION_FORMAT = dwarf;
				ENABLE_STRICT_OBJC_MSGSEND = YES;
				ENABLE_TESTABILITY = YES;
				ENABLE_USER_SCRIPT_SANDBOXING = YES;
				GCC_C_LANGUAGE_STANDARD = gnu17;
				GCC_DYNAMIC_NO_PIC = NO;
				GCC_NO_COMMON_BLOCKS = YES;
				GCC_OPTIMIZATION_LEVEL = 0;
				GCC_PREPROCESSOR_DEFINITIONS = (
					"DEBUG=1",
					"$(inherited)",
				);
				GCC_WARN_64_TO_32_BIT_CONVERSION = YES;
				GCC_WARN_ABOUT_RETURN_TYPE = YES_ERROR;
				GCC_WARN_UNDECLARED_SELECTOR = YES;
				GCC_WARN_UNINITIALIZED_AUTOS = YES_AGGRESSIVE;
				GCC_WARN_UNUSED_FUNCTION = YES;
				GCC_WARN_UNUSED_VARIABLE = YES;
				IPHONEOS_DEPLOYMENT_TARGET = 17.0;
				LOCALIZATION_PREFERS_STRING_CATALOGS = YES;
				MTL_ENABLE_DEBUG_INFO = INCLUDE_SOURCE;
				MTL_FAST_MATH = YES;
				ONLY_ACTIVE_ARCH = YES;
				SDKROOT = iphoneos;
				SWIFT_ACTIVE_COMPILATION_CONDITIONS = "DEBUG $(inherited)";
				SWIFT_OPTIMIZATION_LEVEL = "-Onone";
			};
			name = Debug;
		};
		D7CC15D82B31852000F45436 /* Release */ = {
			isa = XCBuildConfiguration;
			buildSettings = {
				ALWAYS_SEARCH_USER_PATHS = NO;
				ASSETCATALOG_COMPILER_GENERATE_SWIFT_ASSET_SYMBOL_EXTENSIONS = YES;
				CLANG_ANALYZER_NONNULL = YES;
				CLANG_ANALYZER_NUMBER_OBJECT_CONVERSION = YES_AGGRESSIVE;
				CLANG_CXX_LANGUAGE_STANDARD = "gnu++20";
				CLANG_ENABLE_MODULES = YES;
				CLANG_ENABLE_OBJC_ARC = YES;
				CLANG_ENABLE_OBJC_WEAK = YES;
				CLANG_WARN_BLOCK_CAPTURE_AUTORELEASING = YES;
				CLANG_WARN_BOOL_CONVERSION = YES;
				CLANG_WARN_COMMA = YES;
				CLANG_WARN_CONSTANT_CONVERSION = YES;
				CLANG_WARN_DEPRECATED_OBJC_IMPLEMENTATIONS = YES;
				CLANG_WARN_DIRECT_OBJC_ISA_USAGE = YES_ERROR;
				CLANG_WARN_DOCUMENTATION_COMMENTS = YES;
				CLANG_WARN_EMPTY_BODY = YES;
				CLANG_WARN_ENUM_CONVERSION = YES;
				CLANG_WARN_INFINITE_RECURSION = YES;
				CLANG_WARN_INT_CONVERSION = YES;
				CLANG_WARN_NON_LITERAL_NULL_CONVERSION = YES;
				CLANG_WARN_OBJC_IMPLICIT_RETAIN_SELF = YES;
				CLANG_WARN_OBJC_LITERAL_CONVERSION = YES;
				CLANG_WARN_OBJC_ROOT_CLASS = YES_ERROR;
				CLANG_WARN_QUOTED_INCLUDE_IN_FRAMEWORK_HEADER = YES;
				CLANG_WARN_RANGE_LOOP_ANALYSIS = YES;
				CLANG_WARN_STRICT_PROTOTYPES = YES;
				CLANG_WARN_SUSPICIOUS_MOVE = YES;
				CLANG_WARN_UNGUARDED_AVAILABILITY = YES_AGGRESSIVE;
				CLANG_WARN_UNREACHABLE_CODE = YES;
				CLANG_WARN__DUPLICATE_METHOD_MATCH = YES;
				COPY_PHASE_STRIP = NO;
				DEBUG_INFORMATION_FORMAT = "dwarf-with-dsym";
				ENABLE_NS_ASSERTIONS = NO;
				ENABLE_STRICT_OBJC_MSGSEND = YES;
				ENABLE_USER_SCRIPT_SANDBOXING = YES;
				GCC_C_LANGUAGE_STANDARD = gnu17;
				GCC_NO_COMMON_BLOCKS = YES;
				GCC_WARN_64_TO_32_BIT_CONVERSION = YES;
				GCC_WARN_ABOUT_RETURN_TYPE = YES_ERROR;
				GCC_WARN_UNDECLARED_SELECTOR = YES;
				GCC_WARN_UNINITIALIZED_AUTOS = YES_AGGRESSIVE;
				GCC_WARN_UNUSED_FUNCTION = YES;
				GCC_WARN_UNUSED_VARIABLE = YES;
				IPHONEOS_DEPLOYMENT_TARGET = 17.0;
				LOCALIZATION_PREFERS_STRING_CATALOGS = YES;
				MTL_ENABLE_DEBUG_INFO = NO;
				MTL_FAST_MATH = YES;
				SDKROOT = iphoneos;
				SWIFT_COMPILATION_MODE = wholemodule;
				VALIDATE_PRODUCT = YES;
			};
			name = Release;
		};
		D7CC15DA2B31852000F45436 /* Debug */ = {
			isa = XCBuildConfiguration;
			buildSettings = {
				ASSETCATALOG_COMPILER_APPICON_NAME = AppIcon;
				ASSETCATALOG_COMPILER_GLOBAL_ACCENT_COLOR_NAME = AccentColor;
				CODE_SIGN_STYLE = Automatic;
				CURRENT_PROJECT_VERSION = 1;
				DEVELOPMENT_ASSET_PATHS = "\"HiJourney 1.2/Preview Content\"";
				DEVELOPMENT_TEAM = Q6AG3WP543;
				ENABLE_PREVIEWS = YES;
				GENERATE_INFOPLIST_FILE = YES;
				INFOPLIST_KEY_UIApplicationSceneManifest_Generation = YES;
				INFOPLIST_KEY_UIApplicationSupportsIndirectInputEvents = YES;
				INFOPLIST_KEY_UILaunchScreen_Generation = YES;
				INFOPLIST_KEY_UISupportedInterfaceOrientations_iPad = "UIInterfaceOrientationPortrait UIInterfaceOrientationPortraitUpsideDown UIInterfaceOrientationLandscapeLeft UIInterfaceOrientationLandscapeRight";
				INFOPLIST_KEY_UISupportedInterfaceOrientations_iPhone = "UIInterfaceOrientationPortrait UIInterfaceOrientationLandscapeLeft UIInterfaceOrientationLandscapeRight";
				LD_RUNPATH_SEARCH_PATHS = (
					"$(inherited)",
					"@executable_path/Frameworks",
				);
				MARKETING_VERSION = 1.0;
				PRODUCT_BUNDLE_IDENTIFIER = "iv4pa4.HiJourney-1-2";
				PRODUCT_NAME = "$(TARGET_NAME)";
				SWIFT_EMIT_LOC_STRINGS = YES;
				SWIFT_VERSION = 5.0;
				TARGETED_DEVICE_FAMILY = "1,2";
			};
			name = Debug;
		};
		D7CC15DB2B31852000F45436 /* Release */ = {
			isa = XCBuildConfiguration;
			buildSettings = {
				ASSETCATALOG_COMPILER_APPICON_NAME = AppIcon;
				ASSETCATALOG_COMPILER_GLOBAL_ACCENT_COLOR_NAME = AccentColor;
				CODE_SIGN_STYLE = Automatic;
				CURRENT_PROJECT_VERSION = 1;
				DEVELOPMENT_ASSET_PATHS = "\"HiJourney 1.2/Preview Content\"";
				DEVELOPMENT_TEAM = Q6AG3WP543;
				ENABLE_PREVIEWS = YES;
				GENERATE_INFOPLIST_FILE = YES;
				INFOPLIST_KEY_UIApplicationSceneManifest_Generation = YES;
				INFOPLIST_KEY_UIApplicationSupportsIndirectInputEvents = YES;
				INFOPLIST_KEY_UILaunchScreen_Generation = YES;
				INFOPLIST_KEY_UISupportedInterfaceOrientations_iPad = "UIInterfaceOrientationPortrait UIInterfaceOrientationPortraitUpsideDown UIInterfaceOrientationLandscapeLeft UIInterfaceOrientationLandscapeRight";
				INFOPLIST_KEY_UISupportedInterfaceOrientations_iPhone = "UIInterfaceOrientationPortrait UIInterfaceOrientationLandscapeLeft UIInterfaceOrientationLandscapeRight";
				LD_RUNPATH_SEARCH_PATHS = (
					"$(inherited)",
					"@executable_path/Frameworks",
				);
				MARKETING_VERSION = 1.0;
				PRODUCT_BUNDLE_IDENTIFIER = "iv4pa4.HiJourney-1-2";
				PRODUCT_NAME = "$(TARGET_NAME)";
				SWIFT_EMIT_LOC_STRINGS = YES;
				SWIFT_VERSION = 5.0;
				TARGETED_DEVICE_FAMILY = "1,2";
			};
			name = Release;
		};
/* End XCBuildConfiguration section */

/* Begin XCConfigurationList section */
		D7CC15C62B31851E00F45436 /* Build configuration list for PBXProject "HiJourney 1.2" */ = {
			isa = XCConfigurationList;
			buildConfigurations = (
				D7CC15D72B31852000F45436 /* Debug */,
				D7CC15D82B31852000F45436 /* Release */,
			);
			defaultConfigurationIsVisible = 0;
			defaultConfigurationName = Release;
		};
		D7CC15D92B31852000F45436 /* Build configuration list for PBXNativeTarget "HiJourney 1.2" */ = {
			isa = XCConfigurationList;
			buildConfigurations = (
				D7CC15DA2B31852000F45436 /* Debug */,
				D7CC15DB2B31852000F45436 /* Release */,
			);
			defaultConfigurationIsVisible = 0;
			defaultConfigurationName = Release;
		};
/* End XCConfigurationList section */
	};
	rootObject = D7CC15C32B31851E00F45436 /* Project object */;
}
